
Microsoft Visual Studio Solution File, Format Version 12.00
# Visual Studio Version 16
VisualStudioVersion = 16.0.30503.244
MinimumVisualStudioVersion = 10.0.40219.1
Project("{9A19103F-16F7-4668-BE54-9A1E7A4F7556}") = "01ReverseStrings", "StacksAndQueues\01ReverseStrings.csproj", "{6064BC43-A80C-4250-A8BE-B3FCF302F8EE}"
EndProject
Project("{9A19103F-16F7-4668-BE54-9A1E7A4F7556}") = "02StackSum", "02StackSum\02StackSum.csproj", "{E9E5018B-FED6-4344-B340-0E4A3105E7D8}"
EndProject
Project("{9A19103F-16F7-4668-BE54-9A1E7A4F7556}") = "03SimpleCalculator", "03SimpleCalculator\03SimpleCalculator.csproj", "{CE7E8FB9-97CB-4F35-968B-9F1F7EE8CBD5}"
EndProject
Project("{9A19103F-16F7-4668-BE54-9A1E7A4F7556}") = "04MatchingBrackets", "04MatchingBrackets\04MatchingBrackets.csproj", "{CDD36B28-12DB-459E-A101-ECF164297983}"
EndProject
Project("{9A19103F-16F7-4668-BE54-9A1E7A4F7556}") = "05PrintEvenNumbers", "05PrintEvenNumbers\05PrintEvenNumbers.csproj", "{3EDA4C1C-81F2-4FA1-A73A-5F96A9688598}"
EndProject
Project("{9A19103F-16F7-4668-BE54-9A1E7A4F7556}") = "06Supermarket", "06Supermarket\06Supermarket.csproj", "{9DDB068A-5B32-45BC-9088-91D2D6EB7F8F}"
EndProject
Project("{9A19103F-16F7-4668-BE54-9A1E7A4F7556}") = "07HotPotato", "07HotPotato\07HotPotato.csproj", "{6FB21E3B-F1EE-4599-BB6E-6A8DE4F94836}"
EndProject
Project("{9A19103F-16F7-4668-BE54-9A1E7A4F7556}") = "08TrafficJam", "08TrafficJam\08TrafficJam.csproj", "{5ECAE96D-244E-43C8-A25B-E238E74FF739}"
EndProject
Project("{FAE04EC0-301F-11D3-BF4B-00C04F79EFBC}") = "01BasicStackOperationsExercise", "01BasicStackOperationsExercise\01BasicStackOperationsExercise.csproj", "{A669E546-A63E-4EC7-8A58-AFE5BC5A869E}"
EndProject
Project("{FAE04EC0-301F-11D3-BF4B-00C04F79EFBC}") = "2BasicQueueOperationsEx", "2BasicQueueOperationsEx\2BasicQueueOperationsEx.csproj", "{363189FE-25CF-4CD2-AD63-D8DA780927C7}"
EndProject
Project("{FAE04EC0-301F-11D3-BF4B-00C04F79EFBC}") = "03MaximumAndMinimumElementEx", "03MaximumAndMinimumElementEx\03MaximumAndMinimumElementEx.csproj", "{992D0E2B-D9C7-4ABE-8B35-18CE310A9FF3}"
EndProject
Project("{FAE04EC0-301F-11D3-BF4B-00C04F79EFBC}") = "04FastFoodEx", "04FastFoodEx\04FastFoodEx.csproj", "{6617489F-3D56-4510-B233-F754CAE1C88D}"
EndProject
Global
	GlobalSection(SolutionConfigurationPlatforms) = preSolution
		Debug|Any CPU = Debug|Any CPU
		Release|Any CPU = Release|Any CPU
	EndGlobalSection
	GlobalSection(ProjectConfigurationPlatforms) = postSolution
		{6064BC43-A80C-4250-A8BE-B3FCF302F8EE}.Debug|Any CPU.ActiveCfg = Debug|Any CPU
		{6064BC43-A80C-4250-A8BE-B3FCF302F8EE}.Debug|Any CPU.Build.0 = Debug|Any CPU
		{6064BC43-A80C-4250-A8BE-B3FCF302F8EE}.Release|Any CPU.ActiveCfg = Release|Any CPU
		{6064BC43-A80C-4250-A8BE-B3FCF302F8EE}.Release|Any CPU.Build.0 = Release|Any CPU
		{E9E5018B-FED6-4344-B340-0E4A3105E7D8}.Debug|Any CPU.ActiveCfg = Debug|Any CPU
		{E9E5018B-FED6-4344-B340-0E4A3105E7D8}.Debug|Any CPU.Build.0 = Debug|Any CPU
		{E9E5018B-FED6-4344-B340-0E4A3105E7D8}.Release|Any CPU.ActiveCfg = Release|Any CPU
		{E9E5018B-FED6-4344-B340-0E4A3105E7D8}.Release|Any CPU.Build.0 = Release|Any CPU
		{CE7E8FB9-97CB-4F35-968B-9F1F7EE8CBD5}.Debug|Any CPU.ActiveCfg = Debug|Any CPU
		{CE7E8FB9-97CB-4F35-968B-9F1F7EE8CBD5}.Debug|Any CPU.Build.0 = Debug|Any CPU
		{CE7E8FB9-97CB-4F35-968B-9F1F7EE8CBD5}.Release|Any CPU.ActiveCfg = Release|Any CPU
		{CE7E8FB9-97CB-4F35-968B-9F1F7EE8CBD5}.Release|Any CPU.Build.0 = Release|Any CPU
		{CDD36B28-12DB-459E-A101-ECF164297983}.Debug|Any CPU.ActiveCfg = Debug|Any CPU
		{CDD36B28-12DB-459E-A101-ECF164297983}.Debug|Any CPU.Build.0 = Debug|Any CPU
		{CDD36B28-12DB-459E-A101-ECF164297983}.Release|Any CPU.ActiveCfg = Release|Any CPU
		{CDD36B28-12DB-459E-A101-ECF164297983}.Release|Any CPU.Build.0 = Release|Any CPU
		{3EDA4C1C-81F2-4FA1-A73A-5F96A9688598}.Debug|Any CPU.ActiveCfg = Debug|Any CPU
		{3EDA4C1C-81F2-4FA1-A73A-5F96A9688598}.Debug|Any CPU.Build.0 = Debug|Any CPU
		{3EDA4C1C-81F2-4FA1-A73A-5F96A9688598}.Release|Any CPU.ActiveCfg = Release|Any CPU
		{3EDA4C1C-81F2-4FA1-A73A-5F96A9688598}.Release|Any CPU.Build.0 = Release|Any CPU
		{9DDB068A-5B32-45BC-9088-91D2D6EB7F8F}.Debug|Any CPU.ActiveCfg = Debug|Any CPU
		{9DDB068A-5B32-45BC-9088-91D2D6EB7F8F}.Debug|Any CPU.Build.0 = Debug|Any CPU
		{9DDB068A-5B32-45BC-9088-91D2D6EB7F8F}.Release|Any CPU.ActiveCfg = Release|Any CPU
		{9DDB068A-5B32-45BC-9088-91D2D6EB7F8F}.Release|Any CPU.Build.0 = Release|Any CPU
		{6FB21E3B-F1EE-4599-BB6E-6A8DE4F94836}.Debug|Any CPU.ActiveCfg = Debug|Any CPU
		{6FB21E3B-F1EE-4599-BB6E-6A8DE4F94836}.Debug|Any CPU.Build.0 = Debug|Any CPU
		{6FB21E3B-F1EE-4599-BB6E-6A8DE4F94836}.Release|Any CPU.ActiveCfg = Release|Any CPU
		{6FB21E3B-F1EE-4599-BB6E-6A8DE4F94836}.Release|Any CPU.Build.0 = Release|Any CPU
		{5ECAE96D-244E-43C8-A25B-E238E74FF739}.Debug|Any CPU.ActiveCfg = Debug|Any CPU
		{5ECAE96D-244E-43C8-A25B-E238E74FF739}.Debug|Any CPU.Build.0 = Debug|Any CPU
		{5ECAE96D-244E-43C8-A25B-E238E74FF739}.Release|Any CPU.ActiveCfg = Release|Any CPU
		{5ECAE96D-244E-43C8-A25B-E238E74FF739}.Release|Any CPU.Build.0 = Release|Any CPU
		{A669E546-A63E-4EC7-8A58-AFE5BC5A869E}.Debug|Any CPU.ActiveCfg = Debug|Any CPU
		{A669E546-A63E-4EC7-8A58-AFE5BC5A869E}.Debug|Any CPU.Build.0 = Debug|Any CPU
		{A669E546-A63E-4EC7-8A58-AFE5BC5A869E}.Release|Any CPU.ActiveCfg = Release|Any CPU
		{A669E546-A63E-4EC7-8A58-AFE5BC5A869E}.Release|Any CPU.Build.0 = Release|Any CPU
		{363189FE-25CF-4CD2-AD63-D8DA780927C7}.Debug|Any CPU.ActiveCfg = Debug|Any CPU
		{363189FE-25CF-4CD2-AD63-D8DA780927C7}.Debug|Any CPU.Build.0 = Debug|Any CPU
		{363189FE-25CF-4CD2-AD63-D8DA780927C7}.Release|Any CPU.ActiveCfg = Release|Any CPU
		{363189FE-25CF-4CD2-AD63-D8DA780927C7}.Release|Any CPU.Build.0 = Release|Any CPU
		{992D0E2B-D9C7-4ABE-8B35-18CE310A9FF3}.Debug|Any CPU.ActiveCfg = Debug|Any CPU
		{992D0E2B-D9C7-4ABE-8B35-18CE310A9FF3}.Debug|Any CPU.Build.0 = Debug|Any CPU
		{992D0E2B-D9C7-4ABE-8B35-18CE310A9FF3}.Release|Any CPU.ActiveCfg = Release|Any CPU
		{992D0E2B-D9C7-4ABE-8B35-18CE310A9FF3}.Release|Any CPU.Build.0 = Release|Any CPU
		{6617489F-3D56-4510-B233-F754CAE1C88D}.Debug|Any CPU.ActiveCfg = Debug|Any CPU
		{6617489F-3D56-4510-B233-F754CAE1C88D}.Debug|Any CPU.Build.0 = Debug|Any CPU
		{6617489F-3D56-4510-B233-F754CAE1C88D}.Release|Any CPU.ActiveCfg = Release|Any CPU
		{6617489F-3D56-4510-B233-F754CAE1C88D}.Release|Any CPU.Build.0 = Release|Any CPU
	EndGlobalSection
	GlobalSection(SolutionProperties) = preSolution
		HideSolutionNode = FALSE
	EndGlobalSection
	GlobalSection(ExtensibilityGlobals) = postSolution
		SolutionGuid = {24E9C6B3-FC76-452B-9448-B7C7D185CEF6}
	EndGlobalSection
EndGlobal
