
Microsoft Visual Studio Solution File, Format Version 12.00
# Visual Studio Version 16
VisualStudioVersion = 16.0.30503.244
MinimumVisualStudioVersion = 10.0.40219.1
Project("{FAE04EC0-301F-11D3-BF4B-00C04F79EFBC}") = "WarmWinter", "Exam\WarmWinter.csproj", "{EFF46845-0BA4-4DCB-B032-7900CF4B8941}"
EndProject
Project("{FAE04EC0-301F-11D3-BF4B-00C04F79EFBC}") = "SuperMario", "SuperMario\SuperMario.csproj", "{21D4BF16-4984-4EF5-B153-33674D7A0C24}"
EndProject
Project("{FAE04EC0-301F-11D3-BF4B-00C04F79EFBC}") = "SuperMarioTwo", "SuperMarioTwo\SuperMarioTwo.csproj", "{3F2A6748-141B-4566-BD1A-9ABAE6E81734}"
EndProject
Global
	GlobalSection(SolutionConfigurationPlatforms) = preSolution
		Debug|Any CPU = Debug|Any CPU
		Release|Any CPU = Release|Any CPU
	EndGlobalSection
	GlobalSection(ProjectConfigurationPlatforms) = postSolution
		{EFF46845-0BA4-4DCB-B032-7900CF4B8941}.Debug|Any CPU.ActiveCfg = Debug|Any CPU
		{EFF46845-0BA4-4DCB-B032-7900CF4B8941}.Debug|Any CPU.Build.0 = Debug|Any CPU
		{EFF46845-0BA4-4DCB-B032-7900CF4B8941}.Release|Any CPU.ActiveCfg = Release|Any CPU
		{EFF46845-0BA4-4DCB-B032-7900CF4B8941}.Release|Any CPU.Build.0 = Release|Any CPU
		{21D4BF16-4984-4EF5-B153-33674D7A0C24}.Debug|Any CPU.ActiveCfg = Debug|Any CPU
		{21D4BF16-4984-4EF5-B153-33674D7A0C24}.Debug|Any CPU.Build.0 = Debug|Any CPU
		{21D4BF16-4984-4EF5-B153-33674D7A0C24}.Release|Any CPU.ActiveCfg = Release|Any CPU
		{21D4BF16-4984-4EF5-B153-33674D7A0C24}.Release|Any CPU.Build.0 = Release|Any CPU
		{3F2A6748-141B-4566-BD1A-9ABAE6E81734}.Debug|Any CPU.ActiveCfg = Debug|Any CPU
		{3F2A6748-141B-4566-BD1A-9ABAE6E81734}.Debug|Any CPU.Build.0 = Debug|Any CPU
		{3F2A6748-141B-4566-BD1A-9ABAE6E81734}.Release|Any CPU.ActiveCfg = Release|Any CPU
		{3F2A6748-141B-4566-BD1A-9ABAE6E81734}.Release|Any CPU.Build.0 = Release|Any CPU
	EndGlobalSection
	GlobalSection(SolutionProperties) = preSolution
		HideSolutionNode = FALSE
	EndGlobalSection
	GlobalSection(ExtensibilityGlobals) = postSolution
		SolutionGuid = {CF99DF3F-2010-4790-B39F-30490B4ADE5F}
	EndGlobalSection
EndGlobal
