
Microsoft Visual Studio Solution File, Format Version 12.00
# Visual Studio Version 16
VisualStudioVersion = 16.0.30503.244
MinimumVisualStudioVersion = 10.0.40219.1
Project("{9A19103F-16F7-4668-BE54-9A1E7A4F7556}") = "SignOfIntigerNumbers", "Methods\SignOfIntigerNumbers.csproj", "{0C00250B-E323-453A-B6E5-43883FBC3DA5}"
EndProject
Project("{9A19103F-16F7-4668-BE54-9A1E7A4F7556}") = "SmalestOfThreeNumbersExercise", "SmalestOfThreeNumbersExercise\SmalestOfThreeNumbersExercise.csproj", "{FBD831E5-9BE6-4DB6-BD96-E0ECC252BD05}"
EndProject
Project("{9A19103F-16F7-4668-BE54-9A1E7A4F7556}") = "VowelsCount", "VowelsCount\VowelsCount.csproj", "{E126DF98-39F3-4B10-BC2E-8832809F8B5A}"
EndProject
Project("{FAE04EC0-301F-11D3-BF4B-00C04F79EFBC}") = "10TopNumber", "10TopNumber\10TopNumber.csproj", "{DC140596-D057-4C75-B4E6-7D58BBEBB12F}"
EndProject
Project("{FAE04EC0-301F-11D3-BF4B-00C04F79EFBC}") = "09PalindromeIntegers", "09PalindromeIntegers\09PalindromeIntegers.csproj", "{3859572E-22CF-40B0-86B5-C80F59D47BB0}"
EndProject
Global
	GlobalSection(SolutionConfigurationPlatforms) = preSolution
		Debug|Any CPU = Debug|Any CPU
		Release|Any CPU = Release|Any CPU
	EndGlobalSection
	GlobalSection(ProjectConfigurationPlatforms) = postSolution
		{0C00250B-E323-453A-B6E5-43883FBC3DA5}.Debug|Any CPU.ActiveCfg = Debug|Any CPU
		{0C00250B-E323-453A-B6E5-43883FBC3DA5}.Debug|Any CPU.Build.0 = Debug|Any CPU
		{0C00250B-E323-453A-B6E5-43883FBC3DA5}.Release|Any CPU.ActiveCfg = Release|Any CPU
		{0C00250B-E323-453A-B6E5-43883FBC3DA5}.Release|Any CPU.Build.0 = Release|Any CPU
		{FBD831E5-9BE6-4DB6-BD96-E0ECC252BD05}.Debug|Any CPU.ActiveCfg = Debug|Any CPU
		{FBD831E5-9BE6-4DB6-BD96-E0ECC252BD05}.Debug|Any CPU.Build.0 = Debug|Any CPU
		{FBD831E5-9BE6-4DB6-BD96-E0ECC252BD05}.Release|Any CPU.ActiveCfg = Release|Any CPU
		{FBD831E5-9BE6-4DB6-BD96-E0ECC252BD05}.Release|Any CPU.Build.0 = Release|Any CPU
		{E126DF98-39F3-4B10-BC2E-8832809F8B5A}.Debug|Any CPU.ActiveCfg = Debug|Any CPU
		{E126DF98-39F3-4B10-BC2E-8832809F8B5A}.Debug|Any CPU.Build.0 = Debug|Any CPU
		{E126DF98-39F3-4B10-BC2E-8832809F8B5A}.Release|Any CPU.ActiveCfg = Release|Any CPU
		{E126DF98-39F3-4B10-BC2E-8832809F8B5A}.Release|Any CPU.Build.0 = Release|Any CPU
		{DC140596-D057-4C75-B4E6-7D58BBEBB12F}.Debug|Any CPU.ActiveCfg = Debug|Any CPU
		{DC140596-D057-4C75-B4E6-7D58BBEBB12F}.Debug|Any CPU.Build.0 = Debug|Any CPU
		{DC140596-D057-4C75-B4E6-7D58BBEBB12F}.Release|Any CPU.ActiveCfg = Release|Any CPU
		{DC140596-D057-4C75-B4E6-7D58BBEBB12F}.Release|Any CPU.Build.0 = Release|Any CPU
		{3859572E-22CF-40B0-86B5-C80F59D47BB0}.Debug|Any CPU.ActiveCfg = Debug|Any CPU
		{3859572E-22CF-40B0-86B5-C80F59D47BB0}.Debug|Any CPU.Build.0 = Debug|Any CPU
		{3859572E-22CF-40B0-86B5-C80F59D47BB0}.Release|Any CPU.ActiveCfg = Release|Any CPU
		{3859572E-22CF-40B0-86B5-C80F59D47BB0}.Release|Any CPU.Build.0 = Release|Any CPU
	EndGlobalSection
	GlobalSection(SolutionProperties) = preSolution
		HideSolutionNode = FALSE
	EndGlobalSection
	GlobalSection(ExtensibilityGlobals) = postSolution
		SolutionGuid = {507D8111-1A65-438D-9719-A5A8C340516E}
	EndGlobalSection
EndGlobal
